
Microsoft Visual Studio Solution File, Format Version 12.00
# Visual Studio 15
VisualStudioVersion = 15.0.26124.0
MinimumVisualStudioVersion = 15.0.26124.0
Project("{2150E333-8FDC-42A3-9474-1A3956D46DE8}") = "src", "src", "{10449FD7-F448-4AEB-A0E8-2EA76096588B}"
EndProject
Project("{FAE04EC0-301F-11D3-BF4B-00C04F79EFBC}") = "PalTracker", "src\PalTracker\PalTracker.csproj", "{ECE91066-904A-44F2-B55C-2B8F76E76FA1}"
EndProject
Project("{2150E333-8FDC-42A3-9474-1A3956D46DE8}") = "test", "test", "{2408E891-6DC8-46CA-9247-DD852F7B67D6}"
EndProject
Project("{FAE04EC0-301F-11D3-BF4B-00C04F79EFBC}") = "PalTrackerTests", "test\PalTrackerTests\PalTrackerTests.csproj", "{708142A3-640B-484B-81BB-596CA5D93193}"
EndProject
Global
	GlobalSection(SolutionConfigurationPlatforms) = preSolution
		Debug|Any CPU = Debug|Any CPU
		Debug|x64 = Debug|x64
		Debug|x86 = Debug|x86
		Release|Any CPU = Release|Any CPU
		Release|x64 = Release|x64
		Release|x86 = Release|x86
	EndGlobalSection
	GlobalSection(SolutionProperties) = preSolution
		HideSolutionNode = FALSE
	EndGlobalSection
	GlobalSection(ProjectConfigurationPlatforms) = postSolution
		{ECE91066-904A-44F2-B55C-2B8F76E76FA1}.Debug|Any CPU.ActiveCfg = Debug|Any CPU
		{ECE91066-904A-44F2-B55C-2B8F76E76FA1}.Debug|Any CPU.Build.0 = Debug|Any CPU
		{ECE91066-904A-44F2-B55C-2B8F76E76FA1}.Debug|x64.ActiveCfg = Debug|Any CPU
		{ECE91066-904A-44F2-B55C-2B8F76E76FA1}.Debug|x64.Build.0 = Debug|Any CPU
		{ECE91066-904A-44F2-B55C-2B8F76E76FA1}.Debug|x86.ActiveCfg = Debug|Any CPU
		{ECE91066-904A-44F2-B55C-2B8F76E76FA1}.Debug|x86.Build.0 = Debug|Any CPU
		{ECE91066-904A-44F2-B55C-2B8F76E76FA1}.Release|Any CPU.ActiveCfg = Release|Any CPU
		{ECE91066-904A-44F2-B55C-2B8F76E76FA1}.Release|Any CPU.Build.0 = Release|Any CPU
		{ECE91066-904A-44F2-B55C-2B8F76E76FA1}.Release|x64.ActiveCfg = Release|Any CPU
		{ECE91066-904A-44F2-B55C-2B8F76E76FA1}.Release|x64.Build.0 = Release|Any CPU
		{ECE91066-904A-44F2-B55C-2B8F76E76FA1}.Release|x86.ActiveCfg = Release|Any CPU
		{ECE91066-904A-44F2-B55C-2B8F76E76FA1}.Release|x86.Build.0 = Release|Any CPU
		{708142A3-640B-484B-81BB-596CA5D93193}.Debug|Any CPU.ActiveCfg = Debug|Any CPU
		{708142A3-640B-484B-81BB-596CA5D93193}.Debug|Any CPU.Build.0 = Debug|Any CPU
		{708142A3-640B-484B-81BB-596CA5D93193}.Debug|x64.ActiveCfg = Debug|Any CPU
		{708142A3-640B-484B-81BB-596CA5D93193}.Debug|x64.Build.0 = Debug|Any CPU
		{708142A3-640B-484B-81BB-596CA5D93193}.Debug|x86.ActiveCfg = Debug|Any CPU
		{708142A3-640B-484B-81BB-596CA5D93193}.Debug|x86.Build.0 = Debug|Any CPU
		{708142A3-640B-484B-81BB-596CA5D93193}.Release|Any CPU.ActiveCfg = Release|Any CPU
		{708142A3-640B-484B-81BB-596CA5D93193}.Release|Any CPU.Build.0 = Release|Any CPU
		{708142A3-640B-484B-81BB-596CA5D93193}.Release|x64.ActiveCfg = Release|Any CPU
		{708142A3-640B-484B-81BB-596CA5D93193}.Release|x64.Build.0 = Release|Any CPU
		{708142A3-640B-484B-81BB-596CA5D93193}.Release|x86.ActiveCfg = Release|Any CPU
		{708142A3-640B-484B-81BB-596CA5D93193}.Release|x86.Build.0 = Release|Any CPU
	EndGlobalSection
	GlobalSection(NestedProjects) = preSolution
		{ECE91066-904A-44F2-B55C-2B8F76E76FA1} = {10449FD7-F448-4AEB-A0E8-2EA76096588B}
		{708142A3-640B-484B-81BB-596CA5D93193} = {2408E891-6DC8-46CA-9247-DD852F7B67D6}
	EndGlobalSection
EndGlobal
